{
  "artifact-content": {
    "da-agc:agent/platform-dirs-change-analyst@main": "sha256:4d292e247f7be76dffd486e39c158a911f974e8d9a9d15f45bc7fb335cc60bc5",
    "da-agc:agent/promise-gap-analyst@main": "sha256:b6bc3007f04f199fd3011c0e8936d4c36eedc2aa6cfeacd5bb56c988dabc72f3",
    "da-agc:skill/release-docs-refresh@main": "sha256:a0a92f68253a5f88096ce5df7d8405cf3deda39334b818e799086d3c17e7ee66"
  },
  "inputs_digest": "sha256:15cf60373047aff2df07f60dd774c6350b2247d0e45631f0a07e042c89990b9d",
  "install": {
    "project": "dot-agents",
    "version": "dev",
    "stamped_at": "2026-09-03T00:40:13Z"
  },
  "lock_version": 1,
  "refresh": {
    "version": "dev",
    "refreshedAt": "2026-09-03T00:27:01Z"
  },
  "units": {
    "da-agc:agent/platform-dirs-change-analyst@main": {
      "kind": "artifact",
      "digest": "sha256:c9339530bcda34b45a9651f8b7eb72ca87d8663efa27136e3591318aaf93cd0c"
    },
    "da-agc:agent/promise-gap-analyst@main": {
      "kind": "artifact",
      "digest": "sha256:8bfa831efa0e693ffc670c6d332e5966de8b64a21a36dea4dcb2208b3fc1aa1b"
    },
    "da-agc:dot-agents/base.json": {
      "kind": "layer",
      "digest": "692ab1c5c07aee961188db726fb7576bf9130a6b",
      "cache_key": "cachekey/git:692ab1c5c07aee961188db726fb7576bf9130a6b"
    },
    "da-agc:dot-agents/base.json:execution-profile:cloudflare-worker": {
      "kind": "profile",
      "digest": "sha256:fcf3093bd09d8639238cc3aa83d619a6c16f01fe4b1419b6c0611313cf4dcdb9"
    },
    "da-agc:dot-agents/base.json:execution-profile:web-spa": {
      "kind": "profile",
      "digest": "sha256:c07dd229cc0e42c6c1b6320ae26c12b5163c3bd933d5f4881f32fcc206b27e8e"
    },
    "da-agc:skill/release-docs-refresh@main": {
      "kind": "artifact",
      "digest": "sha256:ff198804ff7ae9cfa139ef9e3897c0dc624a0743f54a84a82f648435d4f41064"
    },
    "repo-local:execution-profile:daemon": {
      "kind": "profile",
      "digest": "sha256:f7a3618e992e0a0a5c8b3fc2d6a8dadb13f24fdb3ee089977e201f4be9be34e9"
    },
    "repo-local:execution-profile:docs": {
      "kind": "profile",
      "digest": "sha256:848d991d236370af857b1525f53c7c29238529122e6b1554707fc3cdf9b75be2"
    },
    "repo-local:execution-profile:docs/web": {
      "kind": "profile",
      "digest": "sha256:a3552595fcae2253223d7f59479b9fc14c0adbb57a7c0d1f15638560e412bbc8"
    },
    "repo-local:execution-profile:go-cli": {
      "kind": "profile",
      "digest": "sha256:a469a8a62f28e2acf1c5b42bb1da723e1970ede73a7383ce978f00473355d7e4"
    },
    "repo-local:execution-profile:ideation": {
      "kind": "profile",
      "digest": "sha256:98fab671ef27b4abf80e66fd47cceb3a2f7339a9ec407091ca93ced157dcc8aa"
    },
    "repo-local:execution-profile:meta": {
      "kind": "profile",
      "digest": "sha256:d34965a2b2fbf1b989fbac298cf0e74a211a734e38028cb8f902d43813fe0a78"
    },
    "repo-local:execution-profile:web": {
      "kind": "profile",
      "digest": "sha256:736b328a68d3a898c38fdb7648bb4202a49faf447d56f770e8e24ec90cb891c2"
    },
    "repo-local:stage-profile:executor": {
      "kind": "profile",
      "digest": "sha256:0822fecbf6f1135d95f710758811d12ddb8ae65b6f6b8730a1b4522bc8795060"
    },
    "repo-local:stage-profile:orchestrator": {
      "kind": "profile",
      "digest": "sha256:d279fd3f4c9f2b6a4ec313cae59174fd630c8acbd1f3aefb8175639384d77bc6"
    },
    "repo-local:stage-profile:reviewer": {
      "kind": "profile",
      "digest": "sha256:50551ae9fb3635e1fe4da951f0cf48551a6dc5388259b50937df23a635227053"
    },
    "repo-local:stage-profile:verifier": {
      "kind": "profile",
      "digest": "sha256:d2f0ee594b17bf8ea47b13f7447ab74fb5cf60c8b554a57cc9db4ef096b52bae"
    }
  }
}
