{
  "inputs_digest": "sha256:201ef764aef41cbadbba966bb23470580abcd597407aab979d29b20a8e196b2f",
  "lock_version": 1,
  "units": {
    "repo-local:execution-profile:daemon": {
      "kind": "profile",
      "digest": "sha256:d7342235eb97f5c6e963ffb57161e8b882146c4fc12d07c7cf15afecd912f791",
      "fetched_at": "2026-07-11T22:33:42Z",
      "last_checked_at": "2026-07-11T22:33:42Z"
    },
    "repo-local:execution-profile:docs": {
      "kind": "profile",
      "digest": "sha256:784e935a7078d7234dc9edf9d2737f2cd13e0af678ddfbda35a5f78c2a01c5ad",
      "fetched_at": "2026-07-11T22:33:42Z",
      "last_checked_at": "2026-07-11T22:33:42Z"
    },
    "repo-local:execution-profile:docs/web": {
      "kind": "profile",
      "digest": "sha256:d8b73cd883bfd6e953d4159097feb1f83d43a3013f2227f5c1c5672ca108dd1d",
      "fetched_at": "2026-07-11T22:33:42Z",
      "last_checked_at": "2026-07-11T22:33:42Z"
    },
    "repo-local:execution-profile:go-cli": {
      "kind": "profile",
      "digest": "sha256:9cffbf6ce5f3c2db21ef0086ad60fdaa05d72de3246ac44719740563f445ad4f",
      "fetched_at": "2026-07-11T22:33:42Z",
      "last_checked_at": "2026-07-11T22:33:42Z"
    },
    "repo-local:execution-profile:ideation": {
      "kind": "profile",
      "digest": "sha256:23d8c91d21ebbe59c9acd24063190f0d474aa2c49d747e9f59dc9c0c5b34b777",
      "fetched_at": "2026-07-11T22:33:42Z",
      "last_checked_at": "2026-07-11T22:33:42Z"
    },
    "repo-local:execution-profile:meta": {
      "kind": "profile",
      "digest": "sha256:e2a11167c862ad78e147d68de623aa85c9b6c533cd49576b5976a33e13b3564f",
      "fetched_at": "2026-07-11T22:33:42Z",
      "last_checked_at": "2026-07-11T22:33:42Z"
    },
    "repo-local:execution-profile:web": {
      "kind": "profile",
      "digest": "sha256:578e196bad9737d485a9f3856cc1f5ccefb5f8a1580bdec89a8137035134c240",
      "fetched_at": "2026-07-11T22:33:42Z",
      "last_checked_at": "2026-07-11T22:33:42Z"
    },
    "repo-local:stage-profile:reviewer": {
      "kind": "profile",
      "digest": "sha256:79a82bb7fbdc2e3d5a1250d41cc2fe09ad325243f299906e7849c49095edfe58",
      "fetched_at": "2026-07-11T22:33:42Z",
      "last_checked_at": "2026-07-11T22:33:42Z"
    },
    "repo-local:stage-profile:verifier": {
      "kind": "profile",
      "digest": "sha256:723f7ea143640fbcad12d47cd06d30866de48e97ab34c9c16c2d5f71d709db38",
      "fetched_at": "2026-07-11T22:33:42Z",
      "last_checked_at": "2026-07-11T22:33:42Z"
    }
  }
}
